
Microsoft Visual Studio Solution File, Format Version 12.00
# Visual Studio Version 17
VisualStudioVersion = 17.14.35806.103 d17.14
MinimumVisualStudioVersion = 10.0.40219.1
Project("{FAE04EC0-301F-11D3-BF4B-00C04F79EFBC}") = "7", "7\7.csproj", "{C40B3627-2E30-4CDB-86FF-DDC477B361DF}"
EndProject
Global
	GlobalSection(SolutionConfigurationPlatforms) = preSolution
		Debug|Any CPU = Debug|Any CPU
		Release|Any CPU = Release|Any CPU
	EndGlobalSection
	GlobalSection(ProjectConfigurationPlatforms) = postSolution
		{C40B3627-2E30-4CDB-86FF-DDC477B361DF}.Debug|Any CPU.ActiveCfg = Debug|Any CPU
		{C40B3627-2E30-4CDB-86FF-DDC477B361DF}.Debug|Any CPU.Build.0 = Debug|Any CPU
		{C40B3627-2E30-4CDB-86FF-DDC477B361DF}.Release|Any CPU.ActiveCfg = Release|Any CPU
		{C40B3627-2E30-4CDB-86FF-DDC477B361DF}.Release|Any CPU.Build.0 = Release|Any CPU
	EndGlobalSection
	GlobalSection(SolutionProperties) = preSolution
		HideSolutionNode = FALSE
	EndGlobalSection
	GlobalSection(ExtensibilityGlobals) = postSolution
		SolutionGuid = {B222B2D7-4C7B-4D41-81B9-6AF73D67C4A7}
	EndGlobalSection
EndGlobal
