
Microsoft Visual Studio Solution File, Format Version 12.00
# Visual Studio Version 17
VisualStudioVersion = 17.14.35806.103 d17.14
MinimumVisualStudioVersion = 10.0.40219.1
Project("{FAE04EC0-301F-11D3-BF4B-00C04F79EFBC}") = "Yaş Kategorisi", "Yaş Kategorisi\Yaş Kategorisi.csproj", "{3A2D8C0A-81FC-4095-8E3D-9B699D635E3A}"
EndProject
Global
	GlobalSection(SolutionConfigurationPlatforms) = preSolution
		Debug|Any CPU = Debug|Any CPU
		Release|Any CPU = Release|Any CPU
	EndGlobalSection
	GlobalSection(ProjectConfigurationPlatforms) = postSolution
		{3A2D8C0A-81FC-4095-8E3D-9B699D635E3A}.Debug|Any CPU.ActiveCfg = Debug|Any CPU
		{3A2D8C0A-81FC-4095-8E3D-9B699D635E3A}.Debug|Any CPU.Build.0 = Debug|Any CPU
		{3A2D8C0A-81FC-4095-8E3D-9B699D635E3A}.Release|Any CPU.ActiveCfg = Release|Any CPU
		{3A2D8C0A-81FC-4095-8E3D-9B699D635E3A}.Release|Any CPU.Build.0 = Release|Any CPU
	EndGlobalSection
	GlobalSection(SolutionProperties) = preSolution
		HideSolutionNode = FALSE
	EndGlobalSection
	GlobalSection(ExtensibilityGlobals) = postSolution
		SolutionGuid = {0991C156-2D61-4BA0-B08C-297E5FCFCAB3}
	EndGlobalSection
EndGlobal
